// !$*UTF8*$!
{
	archiveVersion = 1;
	classes = {
	};
	objectVersion = 50;
	objects = {

/* Begin PBXBuildFile section */
		33DF56A9244A5D4700A8D908 /* AppDelegate.swift in Sources */ = {isa = PBXBuildFile; fileRef = 33DF56A8244A5D4700A8D908 /* AppDelegate.swift */; };
		33DF56AB244A5D4700A8D908 /* SceneDelegate.swift in Sources */ = {isa = PBXBuildFile; fileRef = 33DF56AA244A5D4700A8D908 /* SceneDelegate.swift */; };
		33DF56AD244A5D4700A8D908 /* CalendarContentView.swift in Sources */ = {isa = PBXBuildFile; fileRef = 33DF56AC244A5D4700A8D908 /* CalendarContentView.swift */; };
		33DF56AF244A5D4900A8D908 /* Assets.xcassets in Resources */ = {isa = PBXBuildFile; fileRef = 33DF56AE244A5D4900A8D908 /* Assets.xcassets */; };
		33DF56B2244A5D4900A8D908 /* Preview Assets.xcassets in Resources */ = {isa = PBXBuildFile; fileRef = 33DF56B1244A5D4900A8D908 /* Preview Assets.xcassets */; };
		33DF56B5244A5D4900A8D908 /* LaunchScreen.storyboard in Resources */ = {isa = PBXBuildFile; fileRef = 33DF56B3244A5D4900A8D908 /* LaunchScreen.storyboard */; };
		33DF56BF244A5E6700A8D908 /* LegModel.swift in Sources */ = {isa = PBXBuildFile; fileRef = 33DF56BE244A5E6700A8D908 /* LegModel.swift */; };
		33DF56C3244A5EBE00A8D908 /* TripModel.swift in Sources */ = {isa = PBXBuildFile; fileRef = 33DF56C2244A5EBE00A8D908 /* TripModel.swift */; };
		33DF56C7244A5F2C00A8D908 /* MonthModel.swift in Sources */ = {isa = PBXBuildFile; fileRef = 33DF56C6244A5F2C00A8D908 /* MonthModel.swift */; };
		33DF56C9244A5F5600A8D908 /* DayModel.swift in Sources */ = {isa = PBXBuildFile; fileRef = 33DF56C8244A5F5600A8D908 /* DayModel.swift */; };
		33DF56CB244A5FAD00A8D908 /* DataModel.swift in Sources */ = {isa = PBXBuildFile; fileRef = 33DF56CA244A5FAD00A8D908 /* DataModel.swift */; };
/* End PBXBuildFile section */

/* Begin PBXFileReference section */
		33DF56A5244A5D4700A8D908 /* SwiftUI JETRoute 2.0.app */ = {isa = PBXFileReference; explicitFileType = wrapper.application; includeInIndex = 0; path = "SwiftUI JETRoute 2.0.app"; sourceTree = BUILT_PRODUCTS_DIR; };
		33DF56A8244A5D4700A8D908 /* AppDelegate.swift */ = {isa = PBXFileReference; lastKnownFileType = sourcecode.swift; path = AppDelegate.swift; sourceTree = "<group>"; };
		33DF56AA244A5D4700A8D908 /* SceneDelegate.swift */ = {isa = PBXFileReference; lastKnownFileType = sourcecode.swift; path = SceneDelegate.swift; sourceTree = "<group>"; };
		33DF56AC244A5D4700A8D908 /* CalendarContentView.swift */ = {isa = PBXFileReference; lastKnownFileType = sourcecode.swift; path = CalendarContentView.swift; sourceTree = "<group>"; };
		33DF56AE244A5D4900A8D908 /* Assets.xcassets */ = {isa = PBXFileReference; lastKnownFileType = folder.assetcatalog; path = Assets.xcassets; sourceTree = "<group>"; };
		33DF56B1244A5D4900A8D908 /* Preview Assets.xcassets */ = {isa = PBXFileReference; lastKnownFileType = folder.assetcatalog; path = "Preview Assets.xcassets"; sourceTree = "<group>"; };
		33DF56B4244A5D4900A8D908 /* Base */ = {isa = PBXFileReference; lastKnownFileType = file.storyboard; name = Base; path = Base.lproj/LaunchScreen.storyboard; sourceTree = "<group>"; };
		33DF56B6244A5D4900A8D908 /* Info.plist */ = {isa = PBXFileReference; lastKnownFileType = text.plist.xml; path = Info.plist; sourceTree = "<group>"; };
		33DF56BE244A5E6700A8D908 /* LegModel.swift */ = {isa = PBXFileReference; lastKnownFileType = sourcecode.swift; path = LegModel.swift; sourceTree = "<group>"; };
		33DF56C2244A5EBE00A8D908 /* TripModel.swift */ = {isa = PBXFileReference; lastKnownFileType = sourcecode.swift; path = TripModel.swift; sourceTree = "<group>"; };
		33DF56C6244A5F2C00A8D908 /* MonthModel.swift */ = {isa = PBXFileReference; lastKnownFileType = sourcecode.swift; path = MonthModel.swift; sourceTree = "<group>"; };
		33DF56C8244A5F5600A8D908 /* DayModel.swift */ = {isa = PBXFileReference; lastKnownFileType = sourcecode.swift; path = DayModel.swift; sourceTree = "<group>"; };
		33DF56CA244A5FAD00A8D908 /* DataModel.swift */ = {isa = PBXFileReference; lastKnownFileType = sourcecode.swift; path = DataModel.swift; sourceTree = "<group>"; };
/* End PBXFileReference section */

/* Begin PBXFrameworksBuildPhase section */
		33DF56A2244A5D4700A8D908 /* Frameworks */ = {
			isa = PBXFrameworksBuildPhase;
			buildActionMask = 2147483647;
			files = (
			);
			runOnlyForDeploymentPostprocessing = 0;
		};
/* End PBXFrameworksBuildPhase section */

/* Begin PBXGroup section */
		33DF569C244A5D4700A8D908 = {
			isa = PBXGroup;
			children = (
				33DF56A7244A5D4700A8D908 /* SwiftUI JETRoute 2.0 */,
				33DF56A6244A5D4700A8D908 /* Products */,
			);
			sourceTree = "<group>";
		};
		33DF56A6244A5D4700A8D908 /* Products */ = {
			isa = PBXGroup;
			children = (
				33DF56A5244A5D4700A8D908 /* SwiftUI JETRoute 2.0.app */,
			);
			name = Products;
			sourceTree = "<group>";
		};
		33DF56A7244A5D4700A8D908 /* SwiftUI JETRoute 2.0 */ = {
			isa = PBXGroup;
			children = (
				33DF56A8244A5D4700A8D908 /* AppDelegate.swift */,
				33DF56AA244A5D4700A8D908 /* SceneDelegate.swift */,
				33DF56BC244A5DAC00A8D908 /* ContentView */,
				33DF56BD244A5E3C00A8D908 /* Models */,
				33DF56AE244A5D4900A8D908 /* Assets.xcassets */,
				33DF56B3244A5D4900A8D908 /* LaunchScreen.storyboard */,
				33DF56B6244A5D4900A8D908 /* Info.plist */,
				33DF56B0244A5D4900A8D908 /* Preview Content */,
			);
			path = "SwiftUI JETRoute 2.0";
			sourceTree = "<group>";
		};
		33DF56B0244A5D4900A8D908 /* Preview Content */ = {
			isa = PBXGroup;
			children = (
				33DF56B1244A5D4900A8D908 /* Preview Assets.xcassets */,
			);
			path = "Preview Content";
			sourceTree = "<group>";
		};
		33DF56BC244A5DAC00A8D908 /* ContentView */ = {
			isa = PBXGroup;
			children = (
				33DF56AC244A5D4700A8D908 /* CalendarContentView.swift */,
			);
			path = ContentView;
			sourceTree = "<group>";
		};
		33DF56BD244A5E3C00A8D908 /* Models */ = {
			isa = PBXGroup;
			children = (
				33DF56BE244A5E6700A8D908 /* LegModel.swift */,
				33DF56C8244A5F5600A8D908 /* DayModel.swift */,
				33DF56C2244A5EBE00A8D908 /* TripModel.swift */,
				33DF56C6244A5F2C00A8D908 /* MonthModel.swift */,
				33DF56CA244A5FAD00A8D908 /* DataModel.swift */,
			);
			path = Models;
			sourceTree = "<group>";
		};
/* End PBXGroup section */

/* Begin PBXNativeTarget section */
		33DF56A4244A5D4700A8D908 /* SwiftUI JETRoute 2.0 */ = {
			isa = PBXNativeTarget;
			buildConfigurationList = 33DF56B9244A5D4900A8D908 /* Build configuration list for PBXNativeTarget "SwiftUI JETRoute 2.0" */;
			buildPhases = (
				33DF56A1244A5D4700A8D908 /* Sources */,
				33DF56A2244A5D4700A8D908 /* Frameworks */,
				33DF56A3244A5D4700A8D908 /* Resources */,
			);
			buildRules = (
			);
			dependencies = (
			);
			name = "SwiftUI JETRoute 2.0";
			productName = "SwiftUI JETRoute 2.0";
			productReference = 33DF56A5244A5D4700A8D908 /* SwiftUI JETRoute 2.0.app */;
			productType = "com.apple.product-type.application";
		};
/* End PBXNativeTarget section */

/* Begin PBXProject section */
		33DF569D244A5D4700A8D908 /* Project object */ = {
			isa = PBXProject;
			attributes = {
				LastSwiftUpdateCheck = 1140;
				LastUpgradeCheck = 1140;
				ORGANIZATIONNAME = RAMJETApps;
				TargetAttributes = {
					33DF56A4244A5D4700A8D908 = {
						CreatedOnToolsVersion = 11.4.1;
					};
				};
			};
			buildConfigurationList = 33DF56A0244A5D4700A8D908 /* Build configuration list for PBXProject "SwiftUI JETRoute 2.0" */;
			compatibilityVersion = "Xcode 9.3";
			developmentRegion = en;
			hasScannedForEncodings = 0;
			knownRegions = (
				en,
				Base,
			);
			mainGroup = 33DF569C244A5D4700A8D908;
			productRefGroup = 33DF56A6244A5D4700A8D908 /* Products */;
			projectDirPath = "";
			projectRoot = "";
			targets = (
				33DF56A4244A5D4700A8D908 /* SwiftUI JETRoute 2.0 */,
			);
		};
/* End PBXProject section */

/* Begin PBXResourcesBuildPhase section */
		33DF56A3244A5D4700A8D908 /* Resources */ = {
			isa = PBXResourcesBuildPhase;
			buildActionMask = 2147483647;
			files = (
				33DF56B5244A5D4900A8D908 /* LaunchScreen.storyboard in Resources */,
				33DF56B2244A5D4900A8D908 /* Preview Assets.xcassets in Resources */,
				33DF56AF244A5D4900A8D908 /* Assets.xcassets in Resources */,
			);
			runOnlyForDeploymentPostprocessing = 0;
		};
/* End PBXResourcesBuildPhase section */

/* Begin PBXSourcesBuildPhase section */
		33DF56A1244A5D4700A8D908 /* Sources */ = {
			isa = PBXSourcesBuildPhase;
			buildActionMask = 2147483647;
			files = (
				33DF56A9244A5D4700A8D908 /* AppDelegate.swift in Sources */,
				33DF56AB244A5D4700A8D908 /* SceneDelegate.swift in Sources */,
				33DF56C9244A5F5600A8D908 /* DayModel.swift in Sources */,
				33DF56C3244A5EBE00A8D908 /* TripModel.swift in Sources */,
				33DF56C7244A5F2C00A8D908 /* MonthModel.swift in Sources */,
				33DF56CB244A5FAD00A8D908 /* DataModel.swift in Sources */,
				33DF56BF244A5E6700A8D908 /* LegModel.swift in Sources */,
				33DF56AD244A5D4700A8D908 /* CalendarContentView.swift in Sources */,
			);
			runOnlyForDeploymentPostprocessing = 0;
		};
/* End PBXSourcesBuildPhase section */

/* Begin PBXVariantGroup section */
		33DF56B3244A5D4900A8D908 /* LaunchScreen.storyboard */ = {
			isa = PBXVariantGroup;
			children = (
				33DF56B4244A5D4900A8D908 /* Base */,
			);
			name = LaunchScreen.storyboard;
			sourceTree = "<group>";
		};
/* End PBXVariantGroup section */

/* Begin XCBuildConfiguration section */
		33DF56B7244A5D4900A8D908 /* Debug */ = {
			isa = XCBuildConfiguration;
			buildSettings = {
				ALWAYS_SEARCH_USER_PATHS = NO;
				CLANG_ANALYZER_NONNULL = YES;
				CLANG_ANALYZER_NUMBER_OBJECT_CONVERSION = YES_AGGRESSIVE;
				CLANG_CXX_LANGUAGE_STANDARD = "gnu++14";
				CLANG_CXX_LIBRARY = "libc++";
				CLANG_ENABLE_MODULES = YES;
				CLANG_ENABLE_OBJC_ARC = YES;
				CLANG_ENABLE_OBJC_WEAK = YES;
				CLANG_WARN_BLOCK_CAPTURE_AUTORELEASING = YES;
				CLANG_WARN_BOOL_CONVERSION = YES;
				CLANG_WARN_COMMA = YES;
				CLANG_WARN_CONSTANT_CONVERSION = YES;
				CLANG_WARN_DEPRECATED_OBJC_IMPLEMENTATIONS = YES;
				CLANG_WARN_DIRECT_OBJC_ISA_USAGE = YES_ERROR;
				CLANG_WARN_DOCUMENTATION_COMMENTS = YES;
				CLANG_WARN_EMPTY_BODY = YES;
				CLANG_WARN_ENUM_CONVERSION = YES;
				CLANG_WARN_INFINITE_RECURSION = YES;
				CLANG_WARN_INT_CONVERSION = YES;
				CLANG_WARN_NON_LITERAL_NULL_CONVERSION = YES;
				CLANG_WARN_OBJC_IMPLICIT_RETAIN_SELF = YES;
				CLANG_WARN_OBJC_LITERAL_CONVERSION = YES;
				CLANG_WARN_OBJC_ROOT_CLASS = YES_ERROR;
				CLANG_WARN_RANGE_LOOP_ANALYSIS = YES;
				CLANG_WARN_STRICT_PROTOTYPES = YES;
				CLANG_WARN_SUSPICIOUS_MOVE = YES;
				CLANG_WARN_UNGUARDED_AVAILABILITY = YES_AGGRESSIVE;
				CLANG_WARN_UNREACHABLE_CODE = YES;
				CLANG_WARN__DUPLICATE_METHOD_MATCH = YES;
				COPY_PHASE_STRIP = NO;
				DEBUG_INFORMATION_FORMAT = dwarf;
				ENABLE_STRICT_OBJC_MSGSEND = YES;
				ENABLE_TESTABILITY = YES;
				GCC_C_LANGUAGE_STANDARD = gnu11;
				GCC_DYNAMIC_NO_PIC = NO;
				GCC_NO_COMMON_BLOCKS = YES;
				GCC_OPTIMIZATION_LEVEL = 0;
				GCC_PREPROCESSOR_DEFINITIONS = (
					"DEBUG=1",
					"$(inherited)",
				);
				GCC_WARN_64_TO_32_BIT_CONVERSION = YES;
				GCC_WARN_ABOUT_RETURN_TYPE = YES_ERROR;
				GCC_WARN_UNDECLARED_SELECTOR = YES;
				GCC_WARN_UNINITIALIZED_AUTOS = YES_AGGRESSIVE;
				GCC_WARN_UNUSED_FUNCTION = YES;
				GCC_WARN_UNUSED_VARIABLE = YES;
				IPHONEOS_DEPLOYMENT_TARGET = 13.4;
				MTL_ENABLE_DEBUG_INFO = INCLUDE_SOURCE;
				MTL_FAST_MATH = YES;
				ONLY_ACTIVE_ARCH = YES;
				SDKROOT = iphoneos;
				SWIFT_ACTIVE_COMPILATION_CONDITIONS = DEBUG;
				SWIFT_OPTIMIZATION_LEVEL = "-Onone";
			};
			name = Debug;
		};
		33DF56B8244A5D4900A8D908 /* Release */ = {
			isa = XCBuildConfiguration;
			buildSettings = {
				ALWAYS_SEARCH_USER_PATHS = NO;
				CLANG_ANALYZER_NONNULL = YES;
				CLANG_ANALYZER_NUMBER_OBJECT_CONVERSION = YES_AGGRESSIVE;
				CLANG_CXX_LANGUAGE_STANDARD = "gnu++14";
				CLANG_CXX_LIBRARY = "libc++";
				CLANG_ENABLE_MODULES = YES;
				CLANG_ENABLE_OBJC_ARC = YES;
				CLANG_ENABLE_OBJC_WEAK = YES;
				CLANG_WARN_BLOCK_CAPTURE_AUTORELEASING = YES;
				CLANG_WARN_BOOL_CONVERSION = YES;
				CLANG_WARN_COMMA = YES;
				CLANG_WARN_CONSTANT_CONVERSION = YES;
				CLANG_WARN_DEPRECATED_OBJC_IMPLEMENTATIONS = YES;
				CLANG_WARN_DIRECT_OBJC_ISA_USAGE = YES_ERROR;
				CLANG_WARN_DOCUMENTATION_COMMENTS = YES;
				CLANG_WARN_EMPTY_BODY = YES;
				CLANG_WARN_ENUM_CONVERSION = YES;
				CLANG_WARN_INFINITE_RECURSION = YES;
				CLANG_WARN_INT_CONVERSION = YES;
				CLANG_WARN_NON_LITERAL_NULL_CONVERSION = YES;
				CLANG_WARN_OBJC_IMPLICIT_RETAIN_SELF = YES;
				CLANG_WARN_OBJC_LITERAL_CONVERSION = YES;
				CLANG_WARN_OBJC_ROOT_CLASS = YES_ERROR;
				CLANG_WARN_RANGE_LOOP_ANALYSIS = YES;
				CLANG_WARN_STRICT_PROTOTYPES = YES;
				CLANG_WARN_SUSPICIOUS_MOVE = YES;
				CLANG_WARN_UNGUARDED_AVAILABILITY = YES_AGGRESSIVE;
				CLANG_WARN_UNREACHABLE_CODE = YES;
				CLANG_WARN__DUPLICATE_METHOD_MATCH = YES;
				COPY_PHASE_STRIP = NO;
				DEBUG_INFORMATION_FORMAT = "dwarf-with-dsym";
				ENABLE_NS_ASSERTIONS = NO;
				ENABLE_STRICT_OBJC_MSGSEND = YES;
				GCC_C_LANGUAGE_STANDARD = gnu11;
				GCC_NO_COMMON_BLOCKS = YES;
				GCC_WARN_64_TO_32_BIT_CONVERSION = YES;
				GCC_WARN_ABOUT_RETURN_TYPE = YES_ERROR;
				GCC_WARN_UNDECLARED_SELECTOR = YES;
				GCC_WARN_UNINITIALIZED_AUTOS = YES_AGGRESSIVE;
				GCC_WARN_UNUSED_FUNCTION = YES;
				GCC_WARN_UNUSED_VARIABLE = YES;
				IPHONEOS_DEPLOYMENT_TARGET = 13.4;
				MTL_ENABLE_DEBUG_INFO = NO;
				MTL_FAST_MATH = YES;
				SDKROOT = iphoneos;
				SWIFT_COMPILATION_MODE = wholemodule;
				SWIFT_OPTIMIZATION_LEVEL = "-O";
				VALIDATE_PRODUCT = YES;
			};
			name = Release;
		};
		33DF56BA244A5D4900A8D908 /* Debug */ = {
			isa = XCBuildConfiguration;
			buildSettings = {
				ASSETCATALOG_COMPILER_APPICON_NAME = AppIcon;
				CODE_SIGN_STYLE = Automatic;
				DEVELOPMENT_ASSET_PATHS = "\"SwiftUI JETRoute 2.0/Preview Content\"";
				DEVELOPMENT_TEAM = SWZ52X9R5X;
				ENABLE_PREVIEWS = YES;
				INFOPLIST_FILE = "SwiftUI JETRoute 2.0/Info.plist";
				LD_RUNPATH_SEARCH_PATHS = (
					"$(inherited)",
					"@executable_path/Frameworks",
				);
				PRODUCT_BUNDLE_IDENTIFIER = "com.RAMJETApps.SwiftUI-JETRoute-2-0";
				PRODUCT_NAME = "$(TARGET_NAME)";
				SWIFT_VERSION = 5.0;
				TARGETED_DEVICE_FAMILY = "1,2";
			};
			name = Debug;
		};
		33DF56BB244A5D4900A8D908 /* Release */ = {
			isa = XCBuildConfiguration;
			buildSettings = {
				ASSETCATALOG_COMPILER_APPICON_NAME = AppIcon;
				CODE_SIGN_STYLE = Automatic;
				DEVELOPMENT_ASSET_PATHS = "\"SwiftUI JETRoute 2.0/Preview Content\"";
				DEVELOPMENT_TEAM = SWZ52X9R5X;
				ENABLE_PREVIEWS = YES;
				INFOPLIST_FILE = "SwiftUI JETRoute 2.0/Info.plist";
				LD_RUNPATH_SEARCH_PATHS = (
					"$(inherited)",
					"@executable_path/Frameworks",
				);
				PRODUCT_BUNDLE_IDENTIFIER = "com.RAMJETApps.SwiftUI-JETRoute-2-0";
				PRODUCT_NAME = "$(TARGET_NAME)";
				SWIFT_VERSION = 5.0;
				TARGETED_DEVICE_FAMILY = "1,2";
			};
			name = Release;
		};
/* End XCBuildConfiguration section */

/* Begin XCConfigurationList section */
		33DF56A0244A5D4700A8D908 /* Build configuration list for PBXProject "SwiftUI JETRoute 2.0" */ = {
			isa = XCConfigurationList;
			buildConfigurations = (
				33DF56B7244A5D4900A8D908 /* Debug */,
				33DF56B8244A5D4900A8D908 /* Release */,
			);
			defaultConfigurationIsVisible = 0;
			defaultConfigurationName = Release;
		};
		33DF56B9244A5D4900A8D908 /* Build configuration list for PBXNativeTarget "SwiftUI JETRoute 2.0" */ = {
			isa = XCConfigurationList;
			buildConfigurations = (
				33DF56BA244A5D4900A8D908 /* Debug */,
				33DF56BB244A5D4900A8D908 /* Release */,
			);
			defaultConfigurationIsVisible = 0;
			defaultConfigurationName = Release;
		};
/* End XCConfigurationList section */
	};
	rootObject = 33DF569D244A5D4700A8D908 /* Project object */;
}
